
Microsoft Visual Studio Solution File, Format Version 12.00
# Visual Studio Version 16
VisualStudioVersion = 16.0.30611.23
MinimumVisualStudioVersion = 10.0.40219.1
Project("{FAE04EC0-301F-11D3-BF4B-00C04F79EFBC}") = "GoogleCAProxy", "GoogleCAProxy.csproj", "{011DC646-BEF9-4D3B-9D20-CA444A26B355}"
EndProject
Project("{2150E333-8FDC-42A3-9474-1A3956D46DE8}") = "Solution Items", "Solution Items", "{5505EA55-BEBD-4DBC-9ED2-448CFB9BCD37}"
	ProjectSection(SolutionItems) = preProject
		..\..\.gitignore = ..\..\.gitignore
		..\..\README.md = ..\..\README.md
	EndProjectSection
EndProject
Project("{FAE04EC0-301F-11D3-BF4B-00C04F79EFBC}") = "GoogleCASandbox", "..\GoogleCASandbox\GoogleCASandbox.csproj", "{863DC1E0-8E93-4EE6-8404-75C34838FF2A}"
EndProject
Global
	GlobalSection(SolutionConfigurationPlatforms) = preSolution
		Debug|Any CPU = Debug|Any CPU
		Release|Any CPU = Release|Any CPU
	EndGlobalSection
	GlobalSection(ProjectConfigurationPlatforms) = postSolution
		{011DC646-BEF9-4D3B-9D20-CA444A26B355}.Debug|Any CPU.ActiveCfg = Debug|Any CPU
		{011DC646-BEF9-4D3B-9D20-CA444A26B355}.Debug|Any CPU.Build.0 = Debug|Any CPU
		{011DC646-BEF9-4D3B-9D20-CA444A26B355}.Release|Any CPU.ActiveCfg = Release|Any CPU
		{011DC646-BEF9-4D3B-9D20-CA444A26B355}.Release|Any CPU.Build.0 = Release|Any CPU
		{863DC1E0-8E93-4EE6-8404-75C34838FF2A}.Debug|Any CPU.ActiveCfg = Debug|Any CPU
		{863DC1E0-8E93-4EE6-8404-75C34838FF2A}.Debug|Any CPU.Build.0 = Debug|Any CPU
		{863DC1E0-8E93-4EE6-8404-75C34838FF2A}.Release|Any CPU.ActiveCfg = Release|Any CPU
	EndGlobalSection
	GlobalSection(SolutionProperties) = preSolution
		HideSolutionNode = FALSE
	EndGlobalSection
	GlobalSection(ExtensibilityGlobals) = postSolution
		SolutionGuid = {0E1B1C00-FE0C-4138-85D7-51AA99D8745F}
	EndGlobalSection
EndGlobal
